PODS:
  - Flutter (1.0.0)
  - fluttertoast (0.0.2):
    - Flutter
    - Toast
  - geolocator (6.2.0):
    - Flutter
  - HydraAsync (2.0.6)
  - image_picker (0.0.1):
    - Flutter
  - libwebp (1.2.0):
    - libwebp/demux (= 1.2.0)
    - libwebp/mux (= 1.2.0)
    - libwebp/webp (= 1.2.0)
  - libwebp/demux (1.2.0):
    - libwebp/webp
  - libwebp/mux (1.2.0):
    - libwebp/demux
  - libwebp/webp (1.2.0)
  - path_provider (0.0.1):
    - Flutter
  - record (0.0.1):
    - Flutter
  - tencent_im_sdk_plugin (1.0.5):
    - Flutter
    - HydraAsync
    - TXIMSDK_Plus_iOS (= 5.4.666)
  - Toast (4.0.0)
  - TXIMSDK_Plus_iOS (5.4.666)
  - video_thumbnail (0.0.1):
    - Flutter
    - libwebp

DEPENDENCIES:
  - Flutter (from `Flutter`)
  - fluttertoast (from `.symlinks/plugins/fluttertoast/ios`)
  - geolocator (from `.symlinks/plugins/geolocator/ios`)
  - image_picker (from `.symlinks/plugins/image_picker/ios`)
  - path_provider (from `.symlinks/plugins/path_provider/ios`)
  - record (from `.symlinks/plugins/record/ios`)
  - tencent_im_sdk_plugin (from `.symlinks/plugins/tencent_im_sdk_plugin/ios`)
  - video_thumbnail (from `.symlinks/plugins/video_thumbnail/ios`)

SPEC REPOS:
  trunk:
    - HydraAsync
    - libwebp
    - Toast
    - TXIMSDK_Plus_iOS

EXTERNAL SOURCES:
  Flutter:
    :path: Flutter
  fluttertoast:
    :path: ".symlinks/plugins/fluttertoast/ios"
  geolocator:
    :path: ".symlinks/plugins/geolocator/ios"
  image_picker:
    :path: ".symlinks/plugins/image_picker/ios"
  path_provider:
    :path: ".symlinks/plugins/path_provider/ios"
  record:
    :path: ".symlinks/plugins/record/ios"
  tencent_im_sdk_plugin:
    :path: ".symlinks/plugins/tencent_im_sdk_plugin/ios"
  video_thumbnail:
    :path: ".symlinks/plugins/video_thumbnail/ios"

SPEC CHECKSUMS:
  Flutter: 434fef37c0980e73bb6479ef766c45957d4b510c
  fluttertoast: 6122fa75143e992b1d3470f61000f591a798cc58
  geolocator: f5e3de65e241caba7ce3e8a618803387bda73384
  HydraAsync: 8d589bd725b0224f899afafc9a396327405f8063
  image_picker: 50e7c7ff960e5f58faa4d1f4af84a771c671bc4a
  libwebp: e90b9c01d99205d03b6bb8f2c8c415e5a4ef66f0
  path_provider: abfe2b5c733d04e238b0d8691db0cfd63a27a93c
  record: 7ee2393532f8553bbb09fa19e95478323b7c0a99
  tencent_im_sdk_plugin: 417c4ea31b380f6d6811ff260c2cbcea2ec1c6fc
  Toast: 91b396c56ee72a5790816f40d3a94dd357abc196
  TXIMSDK_Plus_iOS: 4db13c8646d4f58d8ae558488f9523a2efd4ef6a
  video_thumbnail: c4e2a3c539e247d4de13cd545344fd2d26ffafd1

PODFILE CHECKSUM: 4e8f8b2be68aeea4c0d5beb6ff1e79fface1d048

COCOAPODS: 1.10.1
