// !$*UTF8*$!
{
	archiveVersion = 1;
	classes = {
	};
	objectVersion = 51;
	objects = {

/* Begin PBXBuildFile section */
		91DA830922E844C200EBEF07 /* AppDelegate.swift in Sources */ = {isa = PBXBuildFile; fileRef = 91DA830822E844C200EBEF07 /* AppDelegate.swift */; };
		91DA830B22E844C200EBEF07 /* ViewController.swift in Sources */ = {isa = PBXBuildFile; fileRef = 91DA830A22E844C200EBEF07 /* ViewController.swift */; };
		91DA830E22E844C200EBEF07 /* Main.storyboard in Resources */ = {isa = PBXBuildFile; fileRef = 91DA830C22E844C200EBEF07 /* Main.storyboard */; };
		91DA831022E844C200EBEF07 /* Assets.xcassets in Resources */ = {isa = PBXBuildFile; fileRef = 91DA830F22E844C200EBEF07 /* Assets.xcassets */; };
		91DA831322E844C200EBEF07 /* LaunchScreen.storyboard in Resources */ = {isa = PBXBuildFile; fileRef = 91DA831122E844C200EBEF07 /* LaunchScreen.storyboard */; };
		A1B7E6F7C3959F66C9BEC268 /* Pods_TUIKitSwiftDemo.framework in Frameworks */ = {isa = PBXBuildFile; fileRef = B1B21F2406BBEE24836F9A89 /* Pods_TUIKitSwiftDemo.framework */; };
/* End PBXBuildFile section */

/* Begin PBXFileReference section */
		91DA830522E844C200EBEF07 /* TUIKitSwiftDemo.app */ = {isa = PBXFileReference; explicitFileType = wrapper.application; includeInIndex = 0; path = TUIKitSwiftDemo.app; sourceTree = BUILT_PRODUCTS_DIR; };
		91DA830822E844C200EBEF07 /* AppDelegate.swift */ = {isa = PBXFileReference; lastKnownFileType = sourcecode.swift; path = AppDelegate.swift; sourceTree = "<group>"; };
		91DA830A22E844C200EBEF07 /* ViewController.swift */ = {isa = PBXFileReference; lastKnownFileType = sourcecode.swift; path = ViewController.swift; sourceTree = "<group>"; };
		91DA830D22E844C200EBEF07 /* Base */ = {isa = PBXFileReference; lastKnownFileType = file.storyboard; name = Base; path = Base.lproj/Main.storyboard; sourceTree = "<group>"; };
		91DA830F22E844C200EBEF07 /* Assets.xcassets */ = {isa = PBXFileReference; lastKnownFileType = folder.assetcatalog; path = Assets.xcassets; sourceTree = "<group>"; };
		91DA831222E844C200EBEF07 /* Base */ = {isa = PBXFileReference; lastKnownFileType = file.storyboard; name = Base; path = Base.lproj/LaunchScreen.storyboard; sourceTree = "<group>"; };
		91DA831422E844C200EBEF07 /* Info.plist */ = {isa = PBXFileReference; lastKnownFileType = text.plist.xml; path = Info.plist; sourceTree = "<group>"; };
		B1B21F2406BBEE24836F9A89 /* Pods_TUIKitSwiftDemo.framework */ = {isa = PBXFileReference; explicitFileType = wrapper.framework; includeInIndex = 0; path = Pods_TUIKitSwiftDemo.framework; sourceTree = BUILT_PRODUCTS_DIR; };
		C64B8197D9BF407FAA523AB7 /* Pods-TUIKitSwiftDemo.debug.xcconfig */ = {isa = PBXFileReference; includeInIndex = 1; lastKnownFileType = text.xcconfig; name = "Pods-TUIKitSwiftDemo.debug.xcconfig"; path = "Target Support Files/Pods-TUIKitSwiftDemo/Pods-TUIKitSwiftDemo.debug.xcconfig"; sourceTree = "<group>"; };
		D4F407C981AEE43D95F1E366 /* Pods-TUIKitSwiftDemo.release.xcconfig */ = {isa = PBXFileReference; includeInIndex = 1; lastKnownFileType = text.xcconfig; name = "Pods-TUIKitSwiftDemo.release.xcconfig"; path = "Target Support Files/Pods-TUIKitSwiftDemo/Pods-TUIKitSwiftDemo.release.xcconfig"; sourceTree = "<group>"; };
/* End PBXFileReference section */

/* Begin PBXFrameworksBuildPhase section */
		91DA830222E844C200EBEF07 /* Frameworks */ = {
			isa = PBXFrameworksBuildPhase;
			buildActionMask = 2147483647;
			files = (
				A1B7E6F7C3959F66C9BEC268 /* Pods_TUIKitSwiftDemo.framework in Frameworks */,
			);
			runOnlyForDeploymentPostprocessing = 0;
		};
/* End PBXFrameworksBuildPhase section */

/* Begin PBXGroup section */
		4D306EE27586B358E1B85D72 /* Pods */ = {
			isa = PBXGroup;
			children = (
				C64B8197D9BF407FAA523AB7 /* Pods-TUIKitSwiftDemo.debug.xcconfig */,
				D4F407C981AEE43D95F1E366 /* Pods-TUIKitSwiftDemo.release.xcconfig */,
			);
			path = Pods;
			sourceTree = "<group>";
		};
		91DA82FC22E844C200EBEF07 = {
			isa = PBXGroup;
			children = (
				91DA830722E844C200EBEF07 /* TUIKitSwiftDemo */,
				91DA830622E844C200EBEF07 /* Products */,
				4D306EE27586B358E1B85D72 /* Pods */,
				CEFEA00807B6871ABEF33306 /* Frameworks */,
			);
			sourceTree = "<group>";
		};
		91DA830622E844C200EBEF07 /* Products */ = {
			isa = PBXGroup;
			children = (
				91DA830522E844C200EBEF07 /* TUIKitSwiftDemo.app */,
			);
			name = Products;
			sourceTree = "<group>";
		};
		91DA830722E844C200EBEF07 /* TUIKitSwiftDemo */ = {
			isa = PBXGroup;
			children = (
				91DA830822E844C200EBEF07 /* AppDelegate.swift */,
				91DA830A22E844C200EBEF07 /* ViewController.swift */,
				91DA830C22E844C200EBEF07 /* Main.storyboard */,
				91DA830F22E844C200EBEF07 /* Assets.xcassets */,
				91DA831122E844C200EBEF07 /* LaunchScreen.storyboard */,
				91DA831422E844C200EBEF07 /* Info.plist */,
			);
			path = TUIKitSwiftDemo;
			sourceTree = "<group>";
		};
		CEFEA00807B6871ABEF33306 /* Frameworks */ = {
			isa = PBXGroup;
			children = (
				B1B21F2406BBEE24836F9A89 /* Pods_TUIKitSwiftDemo.framework */,
			);
			name = Frameworks;
			sourceTree = "<group>";
		};
/* End PBXGroup section */

/* Begin PBXNativeTarget section */
		91DA830422E844C200EBEF07 /* TUIKitSwiftDemo */ = {
			isa = PBXNativeTarget;
			buildConfigurationList = 91DA831722E844C200EBEF07 /* Build configuration list for PBXNativeTarget "TUIKitSwiftDemo" */;
			buildPhases = (
				8F7954DBEE72B4CD2316C5EA /* [CP] Check Pods Manifest.lock */,
				91DA830122E844C200EBEF07 /* Sources */,
				91DA830222E844C200EBEF07 /* Frameworks */,
				91DA830322E844C200EBEF07 /* Resources */,
				EB65EED43FF883A10AECC498 /* [CP] Embed Pods Frameworks */,
			);
			buildRules = (
			);
			dependencies = (
			);
			name = TUIKitSwiftDemo;
			productName = TUIKitSwiftDemo;
			productReference = 91DA830522E844C200EBEF07 /* TUIKitSwiftDemo.app */;
			productType = "com.apple.product-type.application";
		};
/* End PBXNativeTarget section */

/* Begin PBXProject section */
		91DA82FD22E844C200EBEF07 /* Project object */ = {
			isa = PBXProject;
			attributes = {
				LastSwiftUpdateCheck = 1020;
				LastUpgradeCheck = 1020;
				ORGANIZATIONNAME = Tencent;
				TargetAttributes = {
					91DA830422E844C200EBEF07 = {
						CreatedOnToolsVersion = 10.2.1;
					};
				};
			};
			buildConfigurationList = 91DA830022E844C200EBEF07 /* Build configuration list for PBXProject "TUIKitSwiftDemo" */;
			compatibilityVersion = "Xcode 9.3";
			developmentRegion = en;
			hasScannedForEncodings = 0;
			knownRegions = (
				en,
				Base,
			);
			mainGroup = 91DA82FC22E844C200EBEF07;
			productRefGroup = 91DA830622E844C200EBEF07 /* Products */;
			projectDirPath = "";
			projectRoot = "";
			targets = (
				91DA830422E844C200EBEF07 /* TUIKitSwiftDemo */,
			);
		};
/* End PBXProject section */

/* Begin PBXResourcesBuildPhase section */
		91DA830322E844C200EBEF07 /* Resources */ = {
			isa = PBXResourcesBuildPhase;
			buildActionMask = 2147483647;
			files = (
				91DA831322E844C200EBEF07 /* LaunchScreen.storyboard in Resources */,
				91DA831022E844C200EBEF07 /* Assets.xcassets in Resources */,
				91DA830E22E844C200EBEF07 /* Main.storyboard in Resources */,
			);
			runOnlyForDeploymentPostprocessing = 0;
		};
/* End PBXResourcesBuildPhase section */

/* Begin PBXShellScriptBuildPhase section */
		8F7954DBEE72B4CD2316C5EA /* [CP] Check Pods Manifest.lock */ = {
			isa = PBXShellScriptBuildPhase;
			buildActionMask = 2147483647;
			files = (
			);
			inputFileListPaths = (
			);
			inputPaths = (
				"${PODS_PODFILE_DIR_PATH}/Podfile.lock",
				"${PODS_ROOT}/Manifest.lock",
			);
			name = "[CP] Check Pods Manifest.lock";
			outputFileListPaths = (
			);
			outputPaths = (
				"$(DERIVED_FILE_DIR)/Pods-TUIKitSwiftDemo-checkManifestLockResult.txt",
			);
			runOnlyForDeploymentPostprocessing = 0;
			shellPath = /bin/sh;
			shellScript = "diff \"${PODS_PODFILE_DIR_PATH}/Podfile.lock\" \"${PODS_ROOT}/Manifest.lock\" > /dev/null\nif [ $? != 0 ] ; then\n    # print error to STDERR\n    echo \"error: The sandbox is not in sync with the Podfile.lock. Run 'pod install' or update your CocoaPods installation.\" >&2\n    exit 1\nfi\n# This output is used by Xcode 'outputs' to avoid re-running this script phase.\necho \"SUCCESS\" > \"${SCRIPT_OUTPUT_FILE_0}\"\n";
			showEnvVarsInLog = 0;
		};
		EB65EED43FF883A10AECC498 /* [CP] Embed Pods Frameworks */ = {
			isa = PBXShellScriptBuildPhase;
			buildActionMask = 2147483647;
			files = (
			);
			inputFileListPaths = (
				"${PODS_ROOT}/Target Support Files/Pods-TUIKitSwiftDemo/Pods-TUIKitSwiftDemo-frameworks-${CONFIGURATION}-input-files.xcfilelist",
			);
			name = "[CP] Embed Pods Frameworks";
			outputFileListPaths = (
				"${PODS_ROOT}/Target Support Files/Pods-TUIKitSwiftDemo/Pods-TUIKitSwiftDemo-frameworks-${CONFIGURATION}-output-files.xcfilelist",
			);
			runOnlyForDeploymentPostprocessing = 0;
			shellPath = /bin/sh;
			shellScript = "\"${PODS_ROOT}/Target Support Files/Pods-TUIKitSwiftDemo/Pods-TUIKitSwiftDemo-frameworks.sh\"\n";
			showEnvVarsInLog = 0;
		};
/* End PBXShellScriptBuildPhase section */

/* Begin PBXSourcesBuildPhase section */
		91DA830122E844C200EBEF07 /* Sources */ = {
			isa = PBXSourcesBuildPhase;
			buildActionMask = 2147483647;
			files = (
				91DA830B22E844C200EBEF07 /* ViewController.swift in Sources */,
				91DA830922E844C200EBEF07 /* AppDelegate.swift in Sources */,
			);
			runOnlyForDeploymentPostprocessing = 0;
		};
/* End PBXSourcesBuildPhase section */

/* Begin PBXVariantGroup section */
		91DA830C22E844C200EBEF07 /* Main.storyboard */ = {
			isa = PBXVariantGroup;
			children = (
				91DA830D22E844C200EBEF07 /* Base */,
			);
			name = Main.storyboard;
			sourceTree = "<group>";
		};
		91DA831122E844C200EBEF07 /* LaunchScreen.storyboard */ = {
			isa = PBXVariantGroup;
			children = (
				91DA831222E844C200EBEF07 /* Base */,
			);
			name = LaunchScreen.storyboard;
			sourceTree = "<group>";
		};
/* End PBXVariantGroup section */

/* Begin XCBuildConfiguration section */
		91DA831522E844C200EBEF07 /* Debug */ = {
			isa = XCBuildConfiguration;
			buildSettings = {
				ALWAYS_SEARCH_USER_PATHS = NO;
				CLANG_ANALYZER_NONNULL = YES;
				CLANG_ANALYZER_NUMBER_OBJECT_CONVERSION = YES_AGGRESSIVE;
				CLANG_CXX_LANGUAGE_STANDARD = "gnu++14";
				CLANG_CXX_LIBRARY = "libc++";
				CLANG_ENABLE_MODULES = YES;
				CLANG_ENABLE_OBJC_ARC = YES;
				CLANG_ENABLE_OBJC_WEAK = YES;
				CLANG_WARN_BLOCK_CAPTURE_AUTORELEASING = YES;
				CLANG_WARN_BOOL_CONVERSION = YES;
				CLANG_WARN_COMMA = YES;
				CLANG_WARN_CONSTANT_CONVERSION = YES;
				CLANG_WARN_DEPRECATED_OBJC_IMPLEMENTATIONS = YES;
				CLANG_WARN_DIRECT_OBJC_ISA_USAGE = YES_ERROR;
				CLANG_WARN_DOCUMENTATION_COMMENTS = YES;
				CLANG_WARN_EMPTY_BODY = YES;
				CLANG_WARN_ENUM_CONVERSION = YES;
				CLANG_WARN_INFINITE_RECURSION = YES;
				CLANG_WARN_INT_CONVERSION = YES;
				CLANG_WARN_NON_LITERAL_NULL_CONVERSION = YES;
				CLANG_WARN_OBJC_IMPLICIT_RETAIN_SELF = YES;
				CLANG_WARN_OBJC_LITERAL_CONVERSION = YES;
				CLANG_WARN_OBJC_ROOT_CLASS = YES_ERROR;
				CLANG_WARN_RANGE_LOOP_ANALYSIS = YES;
				CLANG_WARN_STRICT_PROTOTYPES = YES;
				CLANG_WARN_SUSPICIOUS_MOVE = YES;
				CLANG_WARN_UNGUARDED_AVAILABILITY = YES_AGGRESSIVE;
				CLANG_WARN_UNREACHABLE_CODE = YES;
				CLANG_WARN__DUPLICATE_METHOD_MATCH = YES;
				CODE_SIGN_IDENTITY = "iPhone Developer";
				COPY_PHASE_STRIP = NO;
				DEBUG_INFORMATION_FORMAT = dwarf;
				ENABLE_STRICT_OBJC_MSGSEND = YES;
				ENABLE_TESTABILITY = YES;
				GCC_C_LANGUAGE_STANDARD = gnu11;
				GCC_DYNAMIC_NO_PIC = NO;
				GCC_NO_COMMON_BLOCKS = YES;
				GCC_OPTIMIZATION_LEVEL = 0;
				GCC_PREPROCESSOR_DEFINITIONS = (
					"DEBUG=1",
					"$(inherited)",
				);
				GCC_WARN_64_TO_32_BIT_CONVERSION = YES;
				GCC_WARN_ABOUT_RETURN_TYPE = YES_ERROR;
				GCC_WARN_UNDECLARED_SELECTOR = YES;
				GCC_WARN_UNINITIALIZED_AUTOS = YES_AGGRESSIVE;
				GCC_WARN_UNUSED_FUNCTION = YES;
				GCC_WARN_UNUSED_VARIABLE = YES;
				IPHONEOS_DEPLOYMENT_TARGET = 9.0;
				MTL_ENABLE_DEBUG_INFO = INCLUDE_SOURCE;
				MTL_FAST_MATH = YES;
				ONLY_ACTIVE_ARCH = YES;
				SDKROOT = iphoneos;
				SWIFT_ACTIVE_COMPILATION_CONDITIONS = DEBUG;
				SWIFT_OPTIMIZATION_LEVEL = "-Onone";
			};
			name = Debug;
		};
		91DA831622E844C200EBEF07 /* Release */ = {
			isa = XCBuildConfiguration;
			buildSettings = {
				ALWAYS_SEARCH_USER_PATHS = NO;
				CLANG_ANALYZER_NONNULL = YES;
				CLANG_ANALYZER_NUMBER_OBJECT_CONVERSION = YES_AGGRESSIVE;
				CLANG_CXX_LANGUAGE_STANDARD = "gnu++14";
				CLANG_CXX_LIBRARY = "libc++";
				CLANG_ENABLE_MODULES = YES;
				CLANG_ENABLE_OBJC_ARC = YES;
				CLANG_ENABLE_OBJC_WEAK = YES;
				CLANG_WARN_BLOCK_CAPTURE_AUTORELEASING = YES;
				CLANG_WARN_BOOL_CONVERSION = YES;
				CLANG_WARN_COMMA = YES;
				CLANG_WARN_CONSTANT_CONVERSION = YES;
				CLANG_WARN_DEPRECATED_OBJC_IMPLEMENTATIONS = YES;
				CLANG_WARN_DIRECT_OBJC_ISA_USAGE = YES_ERROR;
				CLANG_WARN_DOCUMENTATION_COMMENTS = YES;
				CLANG_WARN_EMPTY_BODY = YES;
				CLANG_WARN_ENUM_CONVERSION = YES;
				CLANG_WARN_INFINITE_RECURSION = YES;
				CLANG_WARN_INT_CONVERSION = YES;
				CLANG_WARN_NON_LITERAL_NULL_CONVERSION = YES;
				CLANG_WARN_OBJC_IMPLICIT_RETAIN_SELF = YES;
				CLANG_WARN_OBJC_LITERAL_CONVERSION = YES;
				CLANG_WARN_OBJC_ROOT_CLASS = YES_ERROR;
				CLANG_WARN_RANGE_LOOP_ANALYSIS = YES;
				CLANG_WARN_STRICT_PROTOTYPES = YES;
				CLANG_WARN_SUSPICIOUS_MOVE = YES;
				CLANG_WARN_UNGUARDED_AVAILABILITY = YES_AGGRESSIVE;
				CLANG_WARN_UNREACHABLE_CODE = YES;
				CLANG_WARN__DUPLICATE_METHOD_MATCH = YES;
				CODE_SIGN_IDENTITY = "iPhone Developer";
				COPY_PHASE_STRIP = NO;
				DEBUG_INFORMATION_FORMAT = "dwarf-with-dsym";
				ENABLE_NS_ASSERTIONS = NO;
				ENABLE_STRICT_OBJC_MSGSEND = YES;
				GCC_C_LANGUAGE_STANDARD = gnu11;
				GCC_NO_COMMON_BLOCKS = YES;
				GCC_WARN_64_TO_32_BIT_CONVERSION = YES;
				GCC_WARN_ABOUT_RETURN_TYPE = YES_ERROR;
				GCC_WARN_UNDECLARED_SELECTOR = YES;
				GCC_WARN_UNINITIALIZED_AUTOS = YES_AGGRESSIVE;
				GCC_WARN_UNUSED_FUNCTION = YES;
				GCC_WARN_UNUSED_VARIABLE = YES;
				IPHONEOS_DEPLOYMENT_TARGET = 9.0;
				MTL_ENABLE_DEBUG_INFO = NO;
				MTL_FAST_MATH = YES;
				SDKROOT = iphoneos;
				SWIFT_COMPILATION_MODE = wholemodule;
				SWIFT_OPTIMIZATION_LEVEL = "-O";
				VALIDATE_PRODUCT = YES;
			};
			name = Release;
		};
		91DA831822E844C200EBEF07 /* Debug */ = {
			isa = XCBuildConfiguration;
			baseConfigurationReference = C64B8197D9BF407FAA523AB7 /* Pods-TUIKitSwiftDemo.debug.xcconfig */;
			buildSettings = {
				ASSETCATALOG_COMPILER_APPICON_NAME = AppIcon;
				CODE_SIGN_STYLE = Automatic;
				INFOPLIST_FILE = TUIKitSwiftDemo/Info.plist;
				LD_RUNPATH_SEARCH_PATHS = (
					"$(inherited)",
					"@executable_path/Frameworks",
				);
				PRODUCT_BUNDLE_IDENTIFIER = com.tencent.qcloud.tim.tuikit.TUIKitSwiftDemo;
				PRODUCT_NAME = "$(TARGET_NAME)";
				SWIFT_VERSION = 5.0;
				TARGETED_DEVICE_FAMILY = "1,2";
			};
			name = Debug;
		};
		91DA831922E844C200EBEF07 /* Release */ = {
			isa = XCBuildConfiguration;
			baseConfigurationReference = D4F407C981AEE43D95F1E366 /* Pods-TUIKitSwiftDemo.release.xcconfig */;
			buildSettings = {
				ASSETCATALOG_COMPILER_APPICON_NAME = AppIcon;
				CODE_SIGN_STYLE = Automatic;
				INFOPLIST_FILE = TUIKitSwiftDemo/Info.plist;
				LD_RUNPATH_SEARCH_PATHS = (
					"$(inherited)",
					"@executable_path/Frameworks",
				);
				PRODUCT_BUNDLE_IDENTIFIER = com.tencent.qcloud.tim.tuikit.TUIKitSwiftDemo;
				PRODUCT_NAME = "$(TARGET_NAME)";
				SWIFT_VERSION = 5.0;
				TARGETED_DEVICE_FAMILY = "1,2";
			};
			name = Release;
		};
/* End XCBuildConfiguration section */

/* Begin XCConfigurationList section */
		91DA830022E844C200EBEF07 /* Build configuration list for PBXProject "TUIKitSwiftDemo" */ = {
			isa = XCConfigurationList;
			buildConfigurations = (
				91DA831522E844C200EBEF07 /* Debug */,
				91DA831622E844C200EBEF07 /* Release */,
			);
			defaultConfigurationIsVisible = 0;
			defaultConfigurationName = Release;
		};
		91DA831722E844C200EBEF07 /* Build configuration list for PBXNativeTarget "TUIKitSwiftDemo" */ = {
			isa = XCConfigurationList;
			buildConfigurations = (
				91DA831822E844C200EBEF07 /* Debug */,
				91DA831922E844C200EBEF07 /* Release */,
			);
			defaultConfigurationIsVisible = 0;
			defaultConfigurationName = Release;
		};
/* End XCConfigurationList section */
	};
	rootObject = 91DA82FD22E844C200EBEF07 /* Project object */;
}
