# THIS IS AN AUTOGENERATED FILE. DO NOT EDIT THIS FILE DIRECTLY.
# yarn lockfile v1


"@intlify/core-base@9.2.0-beta.35":
  version "9.2.0-beta.35"
  resolved "https://registry.yarnpkg.com/@intlify/core-base/-/core-base-9.2.0-beta.35.tgz#ef714d6ddf387024b1f1c0fcde0040a11bd33b0e"
  integrity sha512-53yuCpo2ov5OKdvBTvE5zKMo2clLVqNORwkcY9TUu0B+yrOeDwLWQnbPJnOoDu5KkRdbdXlMxnHNCpJ5vlGZ1g==
  dependencies:
    "@intlify/devtools-if" "9.2.0-beta.35"
    "@intlify/message-compiler" "9.2.0-beta.35"
    "@intlify/shared" "9.2.0-beta.35"
    "@intlify/vue-devtools" "9.2.0-beta.35"

"@intlify/devtools-if@9.2.0-beta.35":
  version "9.2.0-beta.35"
  resolved "https://registry.yarnpkg.com/@intlify/devtools-if/-/devtools-if-9.2.0-beta.35.tgz#16a8bb6b3f6d612ed705ab00a28eba8a8cb7b1ba"
  integrity sha512-y3+7M+eS9mqeXTBa1QWAvt4nsjwWJ5G4xT+G3IFtd7Vb2CQHwli229n0avD+VdlDGwWCDWpLkny8QWtdNEYpOA==
  dependencies:
    "@intlify/shared" "9.2.0-beta.35"

"@intlify/message-compiler@9.2.0-beta.35":
  version "9.2.0-beta.35"
  resolved "https://registry.yarnpkg.com/@intlify/message-compiler/-/message-compiler-9.2.0-beta.35.tgz#3df3809650f4fef97d00ae739a87f33eb095bd79"
  integrity sha512-wYQCgnRtyJ40HK3bJTrszHDaxqDXZH+9Ps7RsXNuNwZ9hIb1cVkLiUNIbuJS/XSJ1kATJXA6K+4if6ZLb0Ozxw==
  dependencies:
    "@intlify/shared" "9.2.0-beta.35"
    source-map "0.6.1"

"@intlify/shared@9.2.0-beta.35":
  version "9.2.0-beta.35"
  resolved "https://registry.yarnpkg.com/@intlify/shared/-/shared-9.2.0-beta.35.tgz#10f98403cb541d29d90d428a2ef58fbd927caf1d"
  integrity sha512-DXf7xrwf08GKhr93XPQ8EgaEN0CIELl+mAS6SlRhi/aLtZv5HSGSMkz4M/ICwoWzFLSgOx/ZdBSasex19MMogg==

"@intlify/vue-devtools@9.2.0-beta.35":
  version "9.2.0-beta.35"
  resolved "https://registry.yarnpkg.com/@intlify/vue-devtools/-/vue-devtools-9.2.0-beta.35.tgz#209b5c4964a6dfc40ecc0497334f3fcc347b59d8"
  integrity sha512-h7nf5F7AV4uKrr7zKTIyv8EOaIv4yAXuo7tvnFsp5uF8FO+kpBwWDm5csw9v9neyz42hiINJSP0Amou9M2ShEA==
  dependencies:
    "@intlify/core-base" "9.2.0-beta.35"
    "@intlify/shared" "9.2.0-beta.35"

"@vue/devtools-api@^6.0.0-beta.11", "@vue/devtools-api@^6.0.0-beta.13":
  version "6.1.4"
  resolved "https://registry.yarnpkg.com/@vue/devtools-api/-/devtools-api-6.1.4.tgz#b4aec2f4b4599e11ba774a50c67fa378c9824e53"
  integrity sha512-IiA0SvDrJEgXvVxjNkHPFfDx6SXw0b/TUkqMcDZWNg9fnCAHbTpoo59YfJ9QLFkwa3raau5vSlRVzMSLDnfdtQ==

"@vueuse/core@^8.2.6":
  version "8.4.2"
  resolved "https://registry.yarnpkg.com/@vueuse/core/-/core-8.4.2.tgz#e5be73f40394150e6a1b6abd59e5adb7c6bb6c1f"
  integrity sha512-dUVU96lii1ZdWoNJXauQNt+4QrHz1DKbuW+y6pDR2N10q7rGZJMDU7pQeMcC2XeosX7kMODfaBuqsF03NozzLg==
  dependencies:
    "@vueuse/metadata" "8.4.2"
    "@vueuse/shared" "8.4.2"
    vue-demi "*"

"@vueuse/metadata@8.4.2":
  version "8.4.2"
  resolved "https://registry.yarnpkg.com/@vueuse/metadata/-/metadata-8.4.2.tgz#b33e6b7bd5ca69e3f24ea41b149267118bcd566f"
  integrity sha512-2BIj++7P0/I5dfMsEe8q7Kw0HqVAjVcyNOd9+G22/ILUC9TVLTeYOuJ1kwa1Gpr+0LWKHc6GqHiLWNL33+exoQ==

"@vueuse/shared@8.4.2":
  version "8.4.2"
  resolved "https://registry.yarnpkg.com/@vueuse/shared/-/shared-8.4.2.tgz#5900f06ff78bd8b6df4cbf48f8ca82dd6d9747d1"
  integrity sha512-hILXMEjL8YQhj1LHN/HZ49UThyfk8irTjhele2nW+L3N55ElFUBGB/f4w0rg8EW+/suhqv7kJJPTZzvHCqxlIw==
  dependencies:
    vue-demi "*"

source-map@0.6.1:
  version "0.6.1"
  resolved "https://registry.yarnpkg.com/source-map/-/source-map-0.6.1.tgz#74722af32e9614e9c287a8d0bbde48b5e2f1a263"
  integrity sha512-UjgapumWlbMhkBgzT7Ykc5YXUT46F0iKu8SGXq0bcwP5dz/h0Plj6enJqjz1Zbq2l5WaqYnrVbwWOWMyF3F47g==

tim-js-sdk@^2.19.0:
  version "2.19.1"
  resolved "https://registry.yarnpkg.com/tim-js-sdk/-/tim-js-sdk-2.19.1.tgz#c699193772aaeb21a4e631b99d118fe4409b8c5d"
  integrity sha512-M0BJ/Ttg7zCJg8UXke9RMEOlqrJ2ifatLtYVVE2BE2U2ebw67R5zReCidCTkcL0mTcEkVAD/bem6OlLLwqhCPA==

tim-upload-plugin@^1.0.4:
  version "1.0.4"
  resolved "https://registry.yarnpkg.com/tim-upload-plugin/-/tim-upload-plugin-1.0.4.tgz#b23d60b3c21cb9ffa9fa828e71062cbb619f1c2c"
  integrity sha512-Ib/Ql5vdKoLg2wSFBQ34nzBnaUFa6IxiV8060BF+RnWVlhBZSd3MpBXT32wWcmPj/Sl2yOSCM+dC4fn1sm+y/w==

vue-demi@*:
  version "0.12.5"
  resolved "https://registry.yarnpkg.com/vue-demi/-/vue-demi-0.12.5.tgz#8eeed566a7d86eb090209a11723f887d28aeb2d1"
  integrity sha512-BREuTgTYlUr0zw0EZn3hnhC3I6gPWv+Kwh4MCih6QcAeaTlaIX0DwOVN0wHej7hSvDPecz4jygy/idsgKfW58Q==

vue-i18n@^9.2.0-beta.32:
  version "9.2.0-beta.35"
  resolved "https://registry.yarnpkg.com/vue-i18n/-/vue-i18n-9.2.0-beta.35.tgz#9e5f18bcab8ca40db5c6fe8115bacea3e13cb981"
  integrity sha512-kTYzZSB3B/ar3M9RfQ0KAyTGfvRw544qVzY++/sNV4stOKG6NxIDOdHdYTfVEXTSkczFwoZHTKXTWNVpx+GuHA==
  dependencies:
    "@intlify/core-base" "9.2.0-beta.35"
    "@intlify/shared" "9.2.0-beta.35"
    "@intlify/vue-devtools" "9.2.0-beta.35"
    "@vue/devtools-api" "^6.0.0-beta.13"

vuex@^4.0.2:
  version "4.0.2"
  resolved "https://registry.yarnpkg.com/vuex/-/vuex-4.0.2.tgz#f896dbd5bf2a0e963f00c67e9b610de749ccacc9"
  integrity sha512-M6r8uxELjZIK8kTKDGgZTYX/ahzblnzC4isU1tpmEuOIIKmV+TRdc+H4s8ds2NuZ7wpUTdGRzJRtoj+lI+pc0Q==
  dependencies:
    "@vue/devtools-api" "^6.0.0-beta.11"
