PODS:
  - Masonry (1.1.0)
  - MJRefresh (3.7.5)
  - ReactiveObjC (3.1.1)
  - SDWebImage (5.12.2):
    - SDWebImage/Core (= 5.12.2)
  - SDWebImage/Core (5.12.2)
  - TPNS-iOS (1.3.4.1)
  - TUICalling (9.4.0):
    - Masonry
    - TUICalling/TRTC (= 9.4.0)
    - TUICore
  - TUICalling/TRTC (9.4.0):
    - Masonry
    - TUICore
    - TXLiteAVSDK_TRTC
  - TUIChat (6.0.1975):
    - TUIChat/Cell (= 6.0.1975)
    - TUIChat/DataProvider (= 6.0.1975)
    - TUIChat/Service (= 6.0.1975)
    - TUIChat/UI (= 6.0.1975)
    - TUIChat/VoiceConvert (= 6.0.1975)
    - TUICore (= 6.0.1975)
  - TUIChat/Cell (6.0.1975):
    - TUIChat/Cell/CellData (= 6.0.1975)
    - TUIChat/Cell/CellUI (= 6.0.1975)
    - TUICore (= 6.0.1975)
  - TUIChat/Cell/CellData (6.0.1975):
    - TUIChat/Cell/CellData/Base (= 6.0.1975)
    - TUIChat/Cell/CellData/Chat (= 6.0.1975)
    - TUIChat/Cell/CellData/Custom (= 6.0.1975)
    - TUIChat/Cell/CellData/Reply (= 6.0.1975)
    - TUICore (= 6.0.1975)
  - TUIChat/Cell/CellData/Base (6.0.1975):
    - TUIChat/VoiceConvert
    - TUICore (= 6.0.1975)
  - TUIChat/Cell/CellData/Chat (6.0.1975):
    - TUIChat/Cell/CellData/Base
    - TUICore (= 6.0.1975)
  - TUIChat/Cell/CellData/Custom (6.0.1975):
    - TUIChat/Cell/CellData/Chat
    - TUICore (= 6.0.1975)
  - TUIChat/Cell/CellData/Reply (6.0.1975):
    - TUIChat/Cell/CellData/Chat
    - TUICore (= 6.0.1975)
  - TUIChat/Cell/CellUI (6.0.1975):
    - TUIChat/Cell/CellUI/Base (= 6.0.1975)
    - TUIChat/Cell/CellUI/Chat (= 6.0.1975)
    - TUIChat/Cell/CellUI/Custom (= 6.0.1975)
    - TUIChat/Cell/CellUI/Reply (= 6.0.1975)
    - TUICore (= 6.0.1975)
  - TUIChat/Cell/CellUI/Base (6.0.1975):
    - TUIChat/Cell/CellData
    - TUICore (= 6.0.1975)
  - TUIChat/Cell/CellUI/Chat (6.0.1975):
    - TUIChat/Cell/CellUI/Base
    - TUICore (= 6.0.1975)
  - TUIChat/Cell/CellUI/Custom (6.0.1975):
    - TUIChat/Cell/CellUI/Chat
    - TUICore (= 6.0.1975)
  - TUIChat/Cell/CellUI/Reply (6.0.1975):
    - TUIChat/Cell/CellUI/Chat
    - TUICore (= 6.0.1975)
  - TUIChat/DataProvider (6.0.1975):
    - TUIChat/Cell
    - TUICore (= 6.0.1975)
  - TUIChat/Service (6.0.1975):
    - TUIChat/UI
    - TUICore (= 6.0.1975)
  - TUIChat/UI (6.0.1975):
    - TUIChat/UI/Base (= 6.0.1975)
    - TUIChat/UI/Chat (= 6.0.1975)
    - TUIChat/UI/Forward (= 6.0.1975)
    - TUIChat/UI/Input (= 6.0.1975)
    - TUIChat/UI/Pendency (= 6.0.1975)
    - TUICore (= 6.0.1975)
  - TUIChat/UI/Base (6.0.1975):
    - TUIChat/UI/Base/Camera (= 6.0.1975)
    - TUIChat/UI/Base/Media (= 6.0.1975)
    - TUIChat/UI/Base/Pop (= 6.0.1975)
    - TUICore (= 6.0.1975)
  - TUIChat/UI/Base/Camera (6.0.1975):
    - TUIChat/DataProvider
    - TUICore (= 6.0.1975)
  - TUIChat/UI/Base/Media (6.0.1975):
    - TUIChat/UI/Base/Camera
    - TUICore (= 6.0.1975)
  - TUIChat/UI/Base/Pop (6.0.1975):
    - TUICore (= 6.0.1975)
  - TUIChat/UI/Chat (6.0.1975):
    - TUIChat/UI/Forward
    - TUIChat/UI/Input
    - TUIChat/UI/Pendency
    - TUICore (= 6.0.1975)
  - TUIChat/UI/Forward (6.0.1975):
    - TUIChat/UI/Base
    - TUICore (= 6.0.1975)
  - TUIChat/UI/Input (6.0.1975):
    - TUIChat/UI/Base
    - TUICore (= 6.0.1975)
  - TUIChat/UI/Pendency (6.0.1975):
    - TUIChat/UI/Base
    - TUICore (= 6.0.1975)
  - TUIChat/VoiceConvert (6.0.1975):
    - TUICore (= 6.0.1975)
  - TUIContact (6.0.1975):
    - TUIContact/Cell (= 6.0.1975)
    - TUIContact/DataProvider (= 6.0.1975)
    - TUIContact/Service (= 6.0.1975)
    - TUIContact/UI (= 6.0.1975)
  - TUIContact/Cell (6.0.1975):
    - TUIContact/Cell/CellData (= 6.0.1975)
    - TUIContact/Cell/CellUI (= 6.0.1975)
  - TUIContact/Cell/CellData (6.0.1975):
    - TUICore (= 6.0.1975)
  - TUIContact/Cell/CellUI (6.0.1975):
    - TUIContact/Cell/CellData
  - TUIContact/DataProvider (6.0.1975):
    - TUIContact/Cell
  - TUIContact/Service (6.0.1975):
    - TUIContact/UI
  - TUIContact/UI (6.0.1975):
    - TUIContact/DataProvider
  - TUIConversation (6.0.1975):
    - TUIConversation/Cell (= 6.0.1975)
    - TUIConversation/DataProvider (= 6.0.1975)
    - TUIConversation/Service (= 6.0.1975)
    - TUIConversation/UI (= 6.0.1975)
  - TUIConversation/Cell (6.0.1975):
    - TUIConversation/Cell/CellData (= 6.0.1975)
    - TUIConversation/Cell/CellUI (= 6.0.1975)
  - TUIConversation/Cell/CellData (6.0.1975):
    - TUICore (= 6.0.1975)
  - TUIConversation/Cell/CellUI (6.0.1975):
    - TUIConversation/Cell/CellData
  - TUIConversation/DataProvider (6.0.1975):
    - TUIConversation/Cell
  - TUIConversation/Service (6.0.1975):
    - TUIConversation/UI
  - TUIConversation/UI (6.0.1975):
    - TUIConversation/DataProvider
  - TUICore (6.0.1975):
    - ReactiveObjC
    - SDWebImage
    - TXIMSDK_Plus_iOS (= 6.0.1975)
  - TUIGroup (6.0.1975):
    - TUIGroup/Cell (= 6.0.1975)
    - TUIGroup/DataProvider (= 6.0.1975)
    - TUIGroup/Service (= 6.0.1975)
    - TUIGroup/UI (= 6.0.1975)
  - TUIGroup/Cell (6.0.1975):
    - TUIGroup/Cell/CellData (= 6.0.1975)
    - TUIGroup/Cell/CellUI (= 6.0.1975)
  - TUIGroup/Cell/CellData (6.0.1975):
    - TUICore (= 6.0.1975)
  - TUIGroup/Cell/CellUI (6.0.1975):
    - TUIGroup/Cell/CellData
  - TUIGroup/DataProvider (6.0.1975):
    - TUIGroup/Cell
  - TUIGroup/Service (6.0.1975):
    - TUIGroup/UI
  - TUIGroup/UI (6.0.1975):
    - TUIGroup/DataProvider
  - TUISearch (6.0.1975):
    - TUISearch/Cell (= 6.0.1975)
    - TUISearch/DataProvider (= 6.0.1975)
    - TUISearch/Service (= 6.0.1975)
    - TUISearch/UI (= 6.0.1975)
  - TUISearch/Cell (6.0.1975):
    - TUISearch/Cell/CellData (= 6.0.1975)
    - TUISearch/Cell/CellUI (= 6.0.1975)
  - TUISearch/Cell/CellData (6.0.1975):
    - TUICore (= 6.0.1975)
  - TUISearch/Cell/CellUI (6.0.1975):
    - TUISearch/Cell/CellData
  - TUISearch/DataProvider (6.0.1975):
    - TUISearch/Cell
  - TUISearch/Service (6.0.1975):
    - TUISearch/UI
  - TUISearch/UI (6.0.1975):
    - TUISearch/DataProvider
  - TXIMSDK_Plus_iOS (6.0.1975)
  - TXLiteAVSDK_TRTC (9.5.11004)

DEPENDENCIES:
  - MJRefresh
  - TPNS-iOS
  - TUICalling
  - TUIChat (= 6.0.1975)
  - TUIContact (= 6.0.1975)
  - TUIConversation (= 6.0.1975)
  - TUIGroup (= 6.0.1975)
  - TUISearch (= 6.0.1975)

SPEC REPOS:
  https://github.com/CocoaPods/Specs.git:
    - Masonry
    - MJRefresh
    - ReactiveObjC
    - SDWebImage
    - TPNS-iOS
    - TUICalling
    - TUIChat
    - TUIContact
    - TUIConversation
    - TUICore
    - TUIGroup
    - TUISearch
    - TXIMSDK_Plus_iOS
    - TXLiteAVSDK_TRTC

SPEC CHECKSUMS:
  Masonry: 678fab65091a9290e40e2832a55e7ab731aad201
  MJRefresh: fdf5e979eb406a0341468932d1dfc8b7f9fce961
  ReactiveObjC: 011caa393aa0383245f2dcf9bf02e86b80b36040
  SDWebImage: 240e5c12b592fb1268c1d03b8c90d90e8c2ffe82
  TPNS-iOS: 36c335eff80670de6ede780ab827f679d78f64ff
  TUICalling: e8e164111d1cba444c731c27f4f32abf9aaf4e51
  TUIChat: f1b7a651a55c09954d09a7f22ae182b3e6abc0fd
  TUIContact: ab51d1533380ff1c0ce9df828d9b195629094f8e
  TUIConversation: 9b146fdf24118fe042c888495a01a2f9ebde333a
  TUICore: 51f89fc1fc066f73c4cc47a1dfbcefa9a1ed5437
  TUIGroup: 035140578396e5e0ee17ea2cef66c5dd83ddbc6a
  TUISearch: b20e7e61af7d824cabf28c0f4c43ca094763b671
  TXIMSDK_Plus_iOS: b4938e8a26865ddf81fcff413236d99f6fbae39c
  TXLiteAVSDK_TRTC: 49d2f320fbb99c040a3d7287fe983cbbcc94f28b

PODFILE CHECKSUM: 59322823cfe5ea7112ebfa07227e74f77ce42fc8

COCOAPODS: 1.11.2
