PODS:
  - AFNetworking (4.0.1):
    - AFNetworking/NSURLSession (= 4.0.1)
    - AFNetworking/Reachability (= 4.0.1)
    - AFNetworking/Security (= 4.0.1)
    - AFNetworking/Serialization (= 4.0.1)
    - AFNetworking/UIKit (= 4.0.1)
  - AFNetworking/NSURLSession (4.0.1):
    - AFNetworking/Reachability
    - AFNetworking/Security
    - AFNetworking/Serialization
  - AFNetworking/Reachability (4.0.1)
  - AFNetworking/Security (4.0.1)
  - AFNetworking/Serialization (4.0.1)
  - AFNetworking/UIKit (4.0.1):
    - AFNetworking/NSURLSession
  - ISVImageScrollView (0.1.2)
  - MBProgressHUD (1.2.0)
  - MMLayout (0.2.0)
  - ReactiveObjC (3.1.1)
  - SDWebImage (5.5.2):
    - SDWebImage/Core (= 5.5.2)
  - SDWebImage/Core (5.5.2)
  - Toast (4.0.0)
  - TXIMSDK_iOS (4.7.10)
  - TXIMSDK_TUIKit_iOS (4.6.100):
    - ISVImageScrollView (= 0.1.2)
    - MMLayout (= 0.2.0)
    - ReactiveObjC (= 3.1.1)
    - SDWebImage (= 5.5.2)
    - Toast (= 4.0.0)
    - TXIMSDK_iOS
  - TXLiteAVSDK_TRTC (7.2.8932)

DEPENDENCIES:
  - AFNetworking
  - MBProgressHUD
  - TXIMSDK_TUIKit_iOS
  - TXLiteAVSDK_TRTC

SPEC REPOS:
  https://github.com/CocoaPods/Specs.git:
    - AFNetworking
    - ISVImageScrollView
    - MBProgressHUD
    - MMLayout
    - ReactiveObjC
    - SDWebImage
    - Toast
    - TXIMSDK_iOS
    - TXIMSDK_TUIKit_iOS
    - TXLiteAVSDK_TRTC

SPEC CHECKSUMS:
  AFNetworking: 7864c38297c79aaca1500c33288e429c3451fdce
  ISVImageScrollView: ba511d12a1661b40feb8921309c0854bf93ec749
  MBProgressHUD: 3ee5efcc380f6a79a7cc9b363dd669c5e1ae7406
  MMLayout: 3fb59d58eeb8656c64e61d550fb0088e10666c11
  ReactiveObjC: 011caa393aa0383245f2dcf9bf02e86b80b36040
  SDWebImage: 4d5c027c935438f341ed33dbac53ff9f479922ca
  Toast: 91b396c56ee72a5790816f40d3a94dd357abc196
  TXIMSDK_iOS: 694d74be7274e9d94b64d97dfd1dd4f3bd29f150
  TXIMSDK_TUIKit_iOS: 7c5a6556929b590e3d2cfb85a865a3c5b28f4d87
  TXLiteAVSDK_TRTC: 08f7b56b29f3ffff78d162e22f6153db2940f801

PODFILE CHECKSUM: e018a0260749c0ea2e4aa9377cee378860ae7eb8

COCOAPODS: 1.8.4
